
Microsoft Visual Studio Solution File, Format Version 12.00
# Visual Studio Version 17
VisualStudioVersion = 17.8.34525.116
MinimumVisualStudioVersion = 10.0.40219.1
Project("{FAE04EC0-301F-11D3-BF4B-00C04F79EFBC}") = "Week13SQLLiteDb", "Week13SQLLiteDb\Week13SQLLiteDb.csproj", "{B7A25FDD-E3FB-48A4-B9FA-6BB6F16A6377}"
EndProject
Global
	GlobalSection(SolutionConfigurationPlatforms) = preSolution
		Debug|Any CPU = Debug|Any CPU
		Release|Any CPU = Release|Any CPU
	EndGlobalSection
	GlobalSection(ProjectConfigurationPlatforms) = postSolution
		{B7A25FDD-E3FB-48A4-B9FA-6BB6F16A6377}.Debug|Any CPU.ActiveCfg = Debug|Any CPU
		{B7A25FDD-E3FB-48A4-B9FA-6BB6F16A6377}.Debug|Any CPU.Build.0 = Debug|Any CPU
		{B7A25FDD-E3FB-48A4-B9FA-6BB6F16A6377}.Release|Any CPU.ActiveCfg = Release|Any CPU
		{B7A25FDD-E3FB-48A4-B9FA-6BB6F16A6377}.Release|Any CPU.Build.0 = Release|Any CPU
	EndGlobalSection
	GlobalSection(SolutionProperties) = preSolution
		HideSolutionNode = FALSE
	EndGlobalSection
	GlobalSection(ExtensibilityGlobals) = postSolution
		SolutionGuid = {7BDC2733-2A41-48AF-9953-4EB165A1BA1E}
	EndGlobalSection
EndGlobal
